
Microsoft Visual Studio Solution File, Format Version 12.00
# Visual Studio Version 16
VisualStudioVersion = 16.0.29806.167
MinimumVisualStudioVersion = 10.0.40219.1
Project("{9A19103F-16F7-4668-BE54-9A1E7A4F7556}") = "MSBuild.Yaml", "MSBuild.Yaml\MSBuild.Yaml.csproj", "{EC549FB9-5561-4AC7-9F7F-CCA8824B3F97}"
EndProject
Project("{9A19103F-16F7-4668-BE54-9A1E7A4F7556}") = "MSBuild.Yaml.Tests", "MSBuild.Yaml.Tests\MSBuild.Yaml.Tests.csproj", "{0CC1C585-2C36-474E-A278-AE07D2C42BAD}"
EndProject
Project("{2150E333-8FDC-42A3-9474-1A3956D46DE8}") = "Solution Items", "Solution Items", "{90774C59-7701-43C8-8550-010CAD1EC729}"
	ProjectSection(SolutionItems) = preProject
		.gitignore = .gitignore
		LICENSE = LICENSE
		README.md = README.md
		stylecop.json = stylecop.json
	EndProjectSection
EndProject
Project("{2150E333-8FDC-42A3-9474-1A3956D46DE8}") = "Documentation", "Documentation", "{00A4369C-80FA-469D-8CF6-30EC4051B6FF}"
	ProjectSection(SolutionItems) = preProject
		Documentation\designer-files-example.png = Documentation\designer-files-example.png
		Documentation\YamlToJsonTaskDocumentation.md = Documentation\YamlToJsonTaskDocumentation.md
	EndProjectSection
EndProject
Project("{2150E333-8FDC-42A3-9474-1A3956D46DE8}") = "Build", "Build", "{C8C2DA53-5842-49A7-A92B-F27A5C16D75B}"
	ProjectSection(SolutionItems) = preProject
		Build\azure-pipelines-ci.yaml = Build\azure-pipelines-ci.yaml
		Build\azure-pipelines-release.yaml = Build\azure-pipelines-release.yaml
	EndProjectSection
EndProject
Global
	GlobalSection(SolutionConfigurationPlatforms) = preSolution
		Debug|Any CPU = Debug|Any CPU
		Release|Any CPU = Release|Any CPU
	EndGlobalSection
	GlobalSection(ProjectConfigurationPlatforms) = postSolution
		{EC549FB9-5561-4AC7-9F7F-CCA8824B3F97}.Debug|Any CPU.ActiveCfg = Debug|Any CPU
		{EC549FB9-5561-4AC7-9F7F-CCA8824B3F97}.Debug|Any CPU.Build.0 = Debug|Any CPU
		{EC549FB9-5561-4AC7-9F7F-CCA8824B3F97}.Release|Any CPU.ActiveCfg = Release|Any CPU
		{EC549FB9-5561-4AC7-9F7F-CCA8824B3F97}.Release|Any CPU.Build.0 = Release|Any CPU
		{0CC1C585-2C36-474E-A278-AE07D2C42BAD}.Debug|Any CPU.ActiveCfg = Debug|Any CPU
		{0CC1C585-2C36-474E-A278-AE07D2C42BAD}.Debug|Any CPU.Build.0 = Debug|Any CPU
		{0CC1C585-2C36-474E-A278-AE07D2C42BAD}.Release|Any CPU.ActiveCfg = Release|Any CPU
		{0CC1C585-2C36-474E-A278-AE07D2C42BAD}.Release|Any CPU.Build.0 = Release|Any CPU
	EndGlobalSection
	GlobalSection(SolutionProperties) = preSolution
		HideSolutionNode = FALSE
	EndGlobalSection
	GlobalSection(NestedProjects) = preSolution
		{00A4369C-80FA-469D-8CF6-30EC4051B6FF} = {90774C59-7701-43C8-8550-010CAD1EC729}
		{C8C2DA53-5842-49A7-A92B-F27A5C16D75B} = {90774C59-7701-43C8-8550-010CAD1EC729}
	EndGlobalSection
	GlobalSection(ExtensibilityGlobals) = postSolution
		SolutionGuid = {DF53B0F1-67B9-47FD-AB4F-E859D211B332}
	EndGlobalSection
EndGlobal
